
Microsoft Visual Studio Solution File, Format Version 12.00
# Visual Studio Version 16
VisualStudioVersion = 16.0.30523.141
MinimumVisualStudioVersion = 10.0.40219.1
Project("{FAE04EC0-301F-11D3-BF4B-00C04F79EFBC}") = "ExcelPreparation", "..\ExcelPreparation\ExcelPreparation.csproj", "{6DC5EAC2-4E15-4E8D-8644-CAF0F8952FAD}"
EndProject
Global
	GlobalSection(SolutionConfigurationPlatforms) = preSolution
		Debug|Any CPU = Debug|Any CPU
		Release|Any CPU = Release|Any CPU
	EndGlobalSection
	GlobalSection(ProjectConfigurationPlatforms) = postSolution
		{6DC5EAC2-4E15-4E8D-8644-CAF0F8952FAD}.Debug|Any CPU.ActiveCfg = Debug|Any CPU
		{6DC5EAC2-4E15-4E8D-8644-CAF0F8952FAD}.Debug|Any CPU.Build.0 = Debug|Any CPU
		{6DC5EAC2-4E15-4E8D-8644-CAF0F8952FAD}.Release|Any CPU.ActiveCfg = Release|Any CPU
		{6DC5EAC2-4E15-4E8D-8644-CAF0F8952FAD}.Release|Any CPU.Build.0 = Release|Any CPU
	EndGlobalSection
	GlobalSection(SolutionProperties) = preSolution
		HideSolutionNode = FALSE
	EndGlobalSection
	GlobalSection(ExtensibilityGlobals) = postSolution
		SolutionGuid = {F902BDEB-9315-4307-809A-EC9466014EB5}
	EndGlobalSection
EndGlobal
