
Microsoft Visual Studio Solution File, Format Version 12.00
# Visual Studio Version 16
VisualStudioVersion = 16.0.29424.173
MinimumVisualStudioVersion = 10.0.40219.1
Project("{FAE04EC0-301F-11D3-BF4B-00C04F79EFBC}") = "ReadGeoApi", "ReadGeoApi.csproj", "{5102B1DC-EC67-479D-B60E-F37E11CC9821}"
EndProject
Global
	GlobalSection(SolutionConfigurationPlatforms) = preSolution
		Debug|Any CPU = Debug|Any CPU
		Release|Any CPU = Release|Any CPU
	EndGlobalSection
	GlobalSection(ProjectConfigurationPlatforms) = postSolution
		{5102B1DC-EC67-479D-B60E-F37E11CC9821}.Debug|Any CPU.ActiveCfg = Debug|Any CPU
		{5102B1DC-EC67-479D-B60E-F37E11CC9821}.Debug|Any CPU.Build.0 = Debug|Any CPU
		{5102B1DC-EC67-479D-B60E-F37E11CC9821}.Release|Any CPU.ActiveCfg = Release|Any CPU
		{5102B1DC-EC67-479D-B60E-F37E11CC9821}.Release|Any CPU.Build.0 = Release|Any CPU
	EndGlobalSection
	GlobalSection(SolutionProperties) = preSolution
		HideSolutionNode = FALSE
	EndGlobalSection
	GlobalSection(ExtensibilityGlobals) = postSolution
		SolutionGuid = {54AB6542-EB8E-42BC-B9A2-8903FA2481E2}
	EndGlobalSection
EndGlobal
