
Microsoft Visual Studio Solution File, Format Version 12.00
# Visual Studio Version 16
VisualStudioVersion = 16.0.29318.209
MinimumVisualStudioVersion = 10.0.40219.1
Project("{FAE04EC0-301F-11D3-BF4B-00C04F79EFBC}") = "MyBlazorApp", "MyBlazorApp.csproj", "{F55A808A-CA79-4D20-87AB-7373B494305A}"
EndProject
Global
	GlobalSection(SolutionConfigurationPlatforms) = preSolution
		Debug|Any CPU = Debug|Any CPU
		Release|Any CPU = Release|Any CPU
	EndGlobalSection
	GlobalSection(ProjectConfigurationPlatforms) = postSolution
		{F55A808A-CA79-4D20-87AB-7373B494305A}.Debug|Any CPU.ActiveCfg = Debug|Any CPU
		{F55A808A-CA79-4D20-87AB-7373B494305A}.Debug|Any CPU.Build.0 = Debug|Any CPU
		{F55A808A-CA79-4D20-87AB-7373B494305A}.Release|Any CPU.ActiveCfg = Release|Any CPU
		{F55A808A-CA79-4D20-87AB-7373B494305A}.Release|Any CPU.Build.0 = Release|Any CPU
	EndGlobalSection
	GlobalSection(SolutionProperties) = preSolution
		HideSolutionNode = FALSE
	EndGlobalSection
	GlobalSection(ExtensibilityGlobals) = postSolution
		SolutionGuid = {03E287F4-4871-4E25-8389-5D9D6D33838C}
	EndGlobalSection
EndGlobal
